{
  "nodes": {
    "darwin": {
      "inputs": {
        "nixpkgs": [
          "nixpkgs"
        ]
      },
      "locked": {
        "lastModified": 1750572051,
        "narHash": "sha256-01NcVvfAco+eiIbOHZFrtMEoCTEDMqNoN4YZyvRWQn4=",
        "owner": "lnl7",
        "repo": "nix-darwin",
        "rev": "04a34128012730be97af192f6e112d25204c97e9",
        "type": "github"
      },
      "original": {
        "owner": "lnl7",
        "repo": "nix-darwin",
        "type": "github"
      }
    },
    "home-manager": {
      "inputs": {
        "nixpkgs": [
          "nixpkgs"
        ]
      },
      "locked": {
        "lastModified": 1750304462,
        "narHash": "sha256-Mj5t4yX05/rXnRqJkpoLZTWqgStB88Mr/fegTRqyiWc=",
        "owner": "nix-community",
        "repo": "home-manager",
        "rev": "863842639722dd12ae9e37ca83bcb61a63b36f6c",
        "type": "github"
      },
      "original": {
        "owner": "nix-community",
        "repo": "home-manager",
        "type": "github"
      }
    },
    "nix-index-database": {
      "inputs": {
        "nixpkgs": [
          "nixpkgs"
        ]
      },
      "locked": {
        "lastModified": 1750565152,
        "narHash": "sha256-A6ZIoIgaPPkzIVxKuaxwEJicPOeTwC/MD9iuC3FVhDM=",
        "owner": "nix-community",
        "repo": "nix-index-database",
        "rev": "78cd697acc2e492b4e92822a4913ffad279c20e6",
        "type": "github"
      },
      "original": {
        "owner": "nix-community",
        "repo": "nix-index-database",
        "type": "github"
      }
    },
    "nixpkgs": {
      "locked": {
        "lastModified": 1750573865,
        "narHash": "sha256-hHohlsfzt7LJPqfyB0W76RBp9TvfQUjM2kfapN2qHjo=",
        "owner": "nixos",
        "repo": "nixpkgs",
        "rev": "475a00a22d452d2ab0feaf085749a4a9aa5e2576",
        "type": "github"
      },
      "original": {
        "owner": "nixos",
        "repo": "nixpkgs",
        "type": "github"
      }
    },
    "nixpkgs-zsh-fzf-tab": {
      "locked": {
        "lastModified": 1707152963,
        "narHash": "sha256-JvSs+aPLtsXsXJWJqpllFQyanCK0KWuX2SHSshCAs0I=",
        "owner": "nixos",
        "repo": "nixpkgs",
        "rev": "8193e46376fdc6a13e8075ad263b4b5ca2592c03",
        "type": "github"
      },
      "original": {
        "owner": "nixos",
        "repo": "nixpkgs",
        "rev": "8193e46376fdc6a13e8075ad263b4b5ca2592c03",
        "type": "github"
      }
    },
    "root": {
      "inputs": {
        "darwin": "darwin",
        "home-manager": "home-manager",
        "nix-index-database": "nix-index-database",
        "nixpkgs": "nixpkgs",
        "nixpkgs-zsh-fzf-tab": "nixpkgs-zsh-fzf-tab"
      }
    }
  },
  "root": "root",
  "version": 7
}
